{
  "name": "@icicle/tapisui-extension",
  "version": "0.1.1",
  "lockfileVersion": 2,
  "requires": true,
  "packages": {
    "": {
      "name": "@icicle/tapisui-extension",
      "version": "0.1.1",
      "license": "ISC",
      "dependencies": {
        "@tapis/tapis-typescript": "^0.0.28",
        "@tapis/tapisui-extensions-core": "file:../tapisui-extensions-core"
      },
      "devDependencies": {
        "@types/node": "^16.0.0",
        "typescript": "^4.9.5"
      }
    },
    "../tapisui-extensions-core": {
      "name": "@tapis/tapisui-extensions-core",
      "version": "0.1.10",
      "license": "ISC",
      "dependencies": {
        "@tapis/tapis-typescript": "^0.0.28",
        "simple-git": "^3.24.0"
      },
      "devDependencies": {
        "@types/node": "^16.0.0",
        "typescript": "^4.9.5"
      }
    },
    "node_modules/@tapis/tapis-typescript": {
      "version": "0.0.28",
      "resolved": "https://registry.npmjs.org/@tapis/tapis-typescript/-/tapis-typescript-0.0.28.tgz",
      "integrity": "sha512-euhJCoWu8AYfErhU6E+1IPuMvNV/CG2MVw6o09rBPbMx4Am6yuB+G5JASrztpYO+TmfWLlPjx/11CqpyGkwEyw==",
      "dependencies": {
        "@tapis/tapis-typescript-actors": "^0.0.3",
        "@tapis/tapis-typescript-apps": "^0.0.8",
        "@tapis/tapis-typescript-authenticator": "^0.0.2",
        "@tapis/tapis-typescript-files": "^0.0.3",
        "@tapis/tapis-typescript-jobs": "^0.0.4",
        "@tapis/tapis-typescript-mlhub-models": "^0.0.1",
        "@tapis/tapis-typescript-pods": "^0.0.2",
        "@tapis/tapis-typescript-streams": "^0.0.4",
        "@tapis/tapis-typescript-systems": "^0.0.3",
        "@tapis/tapis-typescript-tenants": "^0.0.2",
        "@tapis/tapis-typescript-workflows": "^0.0.9",
        "@types/mocha": "^9.0.0"
      }
    },
    "node_modules/@tapis/tapis-typescript-actors": {
      "version": "0.0.3",
      "resolved": "https://registry.npmjs.org/@tapis/tapis-typescript-actors/-/tapis-typescript-actors-0.0.3.tgz",
      "integrity": "sha512-Dqadg5bJqZ1QfEp+/YpBxfeoTNtItn05ML924jtba+mb7GX0m7i8/v9UHaMEpSEwzRIVNFBcAA1IKvHYBtHqZg=="
    },
    "node_modules/@tapis/tapis-typescript-apps": {
      "version": "0.0.8",
      "resolved": "https://registry.npmjs.org/@tapis/tapis-typescript-apps/-/tapis-typescript-apps-0.0.8.tgz",
      "integrity": "sha512-C+7L8eI5J3fhOamNShWJm6SpPzFmiKmiXBJHGrs3Su7ZHoBNiryy+HNJ4vSKO5Q6h0Z0JOqcSM/XOlJxC5JThA=="
    },
    "node_modules/@tapis/tapis-typescript-authenticator": {
      "version": "0.0.2",
      "resolved": "https://registry.npmjs.org/@tapis/tapis-typescript-authenticator/-/tapis-typescript-authenticator-0.0.2.tgz",
      "integrity": "sha512-d45Dk+PC3rYjW5jB0FD0RasQWMIZ4RZ6FAdCxqB2PN7C1K6gT7+nppvZwuP5w4POumcnyBn2PkuDsdjwNMh8uA=="
    },
    "node_modules/@tapis/tapis-typescript-files": {
      "version": "0.0.3",
      "resolved": "https://registry.npmjs.org/@tapis/tapis-typescript-files/-/tapis-typescript-files-0.0.3.tgz",
      "integrity": "sha512-guuCeoayiOPboZWHkRjqCa3oLK2wYKQHKLUwRTsHj61HYa68t1F65qSozHbQwhZc+FXWvnJKf04ZZimZZ0okIw=="
    },
    "node_modules/@tapis/tapis-typescript-jobs": {
      "version": "0.0.4",
      "resolved": "https://registry.npmjs.org/@tapis/tapis-typescript-jobs/-/tapis-typescript-jobs-0.0.4.tgz",
      "integrity": "sha512-3HPgRd1OvkfDKSNecGPGcCn9PcfUYB0XMasLR65BXwrjxM8CKDJ/nru30hUspkjQ5RahfL7LDO47wnCjCbt2Cw=="
    },
    "node_modules/@tapis/tapis-typescript-mlhub-models": {
      "version": "0.0.1",
      "resolved": "https://registry.npmjs.org/@tapis/tapis-typescript-mlhub-models/-/tapis-typescript-mlhub-models-0.0.1.tgz",
      "integrity": "sha512-lsenNcQ+PVPazNYx5csNEUu/GFffnNkmncb1cQlUNl2dN4CTwaXfKSuWQPYxosds8OO71foAsK8cNhR//yhDlw=="
    },
    "node_modules/@tapis/tapis-typescript-pods": {
      "version": "0.0.2",
      "resolved": "https://registry.npmjs.org/@tapis/tapis-typescript-pods/-/tapis-typescript-pods-0.0.2.tgz",
      "integrity": "sha512-S2PNola31mw11lK6oR16IXkrqXbxuJ4viSMKM08YHlsoGlpueoDyUXiVgf2sp3/gJ3vlSZwRlCfut6DstasQvA=="
    },
    "node_modules/@tapis/tapis-typescript-streams": {
      "version": "0.0.4",
      "resolved": "https://registry.npmjs.org/@tapis/tapis-typescript-streams/-/tapis-typescript-streams-0.0.4.tgz",
      "integrity": "sha512-9jEOWo5Ryi+w8AUEh+APDz1cfHEAMJxZdYOLNpyGHnKCLg4KFEfYqr6vbeHXE9MeW/VSoXODTfQSTpmI6LjYKA=="
    },
    "node_modules/@tapis/tapis-typescript-systems": {
      "version": "0.0.3",
      "resolved": "https://registry.npmjs.org/@tapis/tapis-typescript-systems/-/tapis-typescript-systems-0.0.3.tgz",
      "integrity": "sha512-OZsaW2XkmW/Wc1zI+R4n2Tj9K0FN/r8Av7QFo3uy5VtVjYoS8PVOKdQjpV6rMB0N2Xu4VVyvEt0Ac2CaVz/1/g=="
    },
    "node_modules/@tapis/tapis-typescript-tenants": {
      "version": "0.0.2",
      "resolved": "https://registry.npmjs.org/@tapis/tapis-typescript-tenants/-/tapis-typescript-tenants-0.0.2.tgz",
      "integrity": "sha512-CebqVmJ41evXC/gYj+HphU0KHveXIPjVnjWdS7ABQpIWmvYp2xyIW4jAzhaB2GXmDaUcc+KHS+HCJBh82A6nOA=="
    },
    "node_modules/@tapis/tapis-typescript-workflows": {
      "version": "0.0.9",
      "resolved": "https://registry.npmjs.org/@tapis/tapis-typescript-workflows/-/tapis-typescript-workflows-0.0.9.tgz",
      "integrity": "sha512-oFQI3QTiuQf/o58/iY0g3RGY9VOKME2ajfgDY6/vNc3FjoHB6mRq4WjYBW45gLd4He8VI7G9+NW5twNHLfrnjA=="
    },
    "node_modules/@tapis/tapisui-extensions-core": {
      "resolved": "../tapisui-extensions-core",
      "link": true
    },
    "node_modules/@types/mocha": {
      "version": "9.1.1",
      "resolved": "https://registry.npmjs.org/@types/mocha/-/mocha-9.1.1.tgz",
      "integrity": "sha512-Z61JK7DKDtdKTWwLeElSEBcWGRLY8g95ic5FoQqI9CMx0ns/Ghep3B4DfcEimiKMvtamNVULVNKEsiwV3aQmXw=="
    },
    "node_modules/@types/node": {
      "version": "16.18.97",
      "resolved": "https://registry.npmjs.org/@types/node/-/node-16.18.97.tgz",
      "integrity": "sha512-4muilE1Lbfn57unR+/nT9AFjWk0MtWi5muwCEJqnOvfRQDbSfLCUdN7vCIg8TYuaANfhLOV85ve+FNpiUsbSRg==",
      "dev": true
    },
    "node_modules/typescript": {
      "version": "4.9.5",
      "resolved": "https://registry.npmjs.org/typescript/-/typescript-4.9.5.tgz",
      "integrity": "sha512-1FXk9E2Hm+QzZQ7z+McJiHL4NW1F2EzMu9Nq9i3zAaGqibafqYwCVU6WyWAuyQRRzOlxou8xZSyXLEN8oKj24g==",
      "dev": true,
      "bin": {
        "tsc": "bin/tsc",
        "tsserver": "bin/tsserver"
      },
      "engines": {
        "node": ">=4.2.0"
      }
    }
  },
  "dependencies": {
    "@tapis/tapis-typescript": {
      "version": "0.0.28",
      "resolved": "https://registry.npmjs.org/@tapis/tapis-typescript/-/tapis-typescript-0.0.28.tgz",
      "integrity": "sha512-euhJCoWu8AYfErhU6E+1IPuMvNV/CG2MVw6o09rBPbMx4Am6yuB+G5JASrztpYO+TmfWLlPjx/11CqpyGkwEyw==",
      "requires": {
        "@tapis/tapis-typescript-actors": "^0.0.3",
        "@tapis/tapis-typescript-apps": "^0.0.8",
        "@tapis/tapis-typescript-authenticator": "^0.0.2",
        "@tapis/tapis-typescript-files": "^0.0.3",
        "@tapis/tapis-typescript-jobs": "^0.0.4",
        "@tapis/tapis-typescript-mlhub-models": "^0.0.1",
        "@tapis/tapis-typescript-pods": "^0.0.2",
        "@tapis/tapis-typescript-streams": "^0.0.4",
        "@tapis/tapis-typescript-systems": "^0.0.3",
        "@tapis/tapis-typescript-tenants": "^0.0.2",
        "@tapis/tapis-typescript-workflows": "^0.0.9",
        "@types/mocha": "^9.0.0"
      }
    },
    "@tapis/tapis-typescript-actors": {
      "version": "0.0.3",
      "resolved": "https://registry.npmjs.org/@tapis/tapis-typescript-actors/-/tapis-typescript-actors-0.0.3.tgz",
      "integrity": "sha512-Dqadg5bJqZ1QfEp+/YpBxfeoTNtItn05ML924jtba+mb7GX0m7i8/v9UHaMEpSEwzRIVNFBcAA1IKvHYBtHqZg=="
    },
    "@tapis/tapis-typescript-apps": {
      "version": "0.0.8",
      "resolved": "https://registry.npmjs.org/@tapis/tapis-typescript-apps/-/tapis-typescript-apps-0.0.8.tgz",
      "integrity": "sha512-C+7L8eI5J3fhOamNShWJm6SpPzFmiKmiXBJHGrs3Su7ZHoBNiryy+HNJ4vSKO5Q6h0Z0JOqcSM/XOlJxC5JThA=="
    },
    "@tapis/tapis-typescript-authenticator": {
      "version": "0.0.2",
      "resolved": "https://registry.npmjs.org/@tapis/tapis-typescript-authenticator/-/tapis-typescript-authenticator-0.0.2.tgz",
      "integrity": "sha512-d45Dk+PC3rYjW5jB0FD0RasQWMIZ4RZ6FAdCxqB2PN7C1K6gT7+nppvZwuP5w4POumcnyBn2PkuDsdjwNMh8uA=="
    },
    "@tapis/tapis-typescript-files": {
      "version": "0.0.3",
      "resolved": "https://registry.npmjs.org/@tapis/tapis-typescript-files/-/tapis-typescript-files-0.0.3.tgz",
      "integrity": "sha512-guuCeoayiOPboZWHkRjqCa3oLK2wYKQHKLUwRTsHj61HYa68t1F65qSozHbQwhZc+FXWvnJKf04ZZimZZ0okIw=="
    },
    "@tapis/tapis-typescript-jobs": {
      "version": "0.0.4",
      "resolved": "https://registry.npmjs.org/@tapis/tapis-typescript-jobs/-/tapis-typescript-jobs-0.0.4.tgz",
      "integrity": "sha512-3HPgRd1OvkfDKSNecGPGcCn9PcfUYB0XMasLR65BXwrjxM8CKDJ/nru30hUspkjQ5RahfL7LDO47wnCjCbt2Cw=="
    },
    "@tapis/tapis-typescript-mlhub-models": {
      "version": "0.0.1",
      "resolved": "https://registry.npmjs.org/@tapis/tapis-typescript-mlhub-models/-/tapis-typescript-mlhub-models-0.0.1.tgz",
      "integrity": "sha512-lsenNcQ+PVPazNYx5csNEUu/GFffnNkmncb1cQlUNl2dN4CTwaXfKSuWQPYxosds8OO71foAsK8cNhR//yhDlw=="
    },
    "@tapis/tapis-typescript-pods": {
      "version": "0.0.2",
      "resolved": "https://registry.npmjs.org/@tapis/tapis-typescript-pods/-/tapis-typescript-pods-0.0.2.tgz",
      "integrity": "sha512-S2PNola31mw11lK6oR16IXkrqXbxuJ4viSMKM08YHlsoGlpueoDyUXiVgf2sp3/gJ3vlSZwRlCfut6DstasQvA=="
    },
    "@tapis/tapis-typescript-streams": {
      "version": "0.0.4",
      "resolved": "https://registry.npmjs.org/@tapis/tapis-typescript-streams/-/tapis-typescript-streams-0.0.4.tgz",
      "integrity": "sha512-9jEOWo5Ryi+w8AUEh+APDz1cfHEAMJxZdYOLNpyGHnKCLg4KFEfYqr6vbeHXE9MeW/VSoXODTfQSTpmI6LjYKA=="
    },
    "@tapis/tapis-typescript-systems": {
      "version": "0.0.3",
      "resolved": "https://registry.npmjs.org/@tapis/tapis-typescript-systems/-/tapis-typescript-systems-0.0.3.tgz",
      "integrity": "sha512-OZsaW2XkmW/Wc1zI+R4n2Tj9K0FN/r8Av7QFo3uy5VtVjYoS8PVOKdQjpV6rMB0N2Xu4VVyvEt0Ac2CaVz/1/g=="
    },
    "@tapis/tapis-typescript-tenants": {
      "version": "0.0.2",
      "resolved": "https://registry.npmjs.org/@tapis/tapis-typescript-tenants/-/tapis-typescript-tenants-0.0.2.tgz",
      "integrity": "sha512-CebqVmJ41evXC/gYj+HphU0KHveXIPjVnjWdS7ABQpIWmvYp2xyIW4jAzhaB2GXmDaUcc+KHS+HCJBh82A6nOA=="
    },
    "@tapis/tapis-typescript-workflows": {
      "version": "0.0.9",
      "resolved": "https://registry.npmjs.org/@tapis/tapis-typescript-workflows/-/tapis-typescript-workflows-0.0.9.tgz",
      "integrity": "sha512-oFQI3QTiuQf/o58/iY0g3RGY9VOKME2ajfgDY6/vNc3FjoHB6mRq4WjYBW45gLd4He8VI7G9+NW5twNHLfrnjA=="
    },
    "@tapis/tapisui-extensions-core": {
      "version": "file:../tapisui-extensions-core",
      "requires": {
        "@tapis/tapis-typescript": "^0.0.28",
        "@types/node": "^16.0.0",
        "simple-git": "^3.24.0",
        "typescript": "^4.9.5"
      }
    },
    "@types/mocha": {
      "version": "9.1.1",
      "resolved": "https://registry.npmjs.org/@types/mocha/-/mocha-9.1.1.tgz",
      "integrity": "sha512-Z61JK7DKDtdKTWwLeElSEBcWGRLY8g95ic5FoQqI9CMx0ns/Ghep3B4DfcEimiKMvtamNVULVNKEsiwV3aQmXw=="
    },
    "@types/node": {
      "version": "16.18.97",
      "resolved": "https://registry.npmjs.org/@types/node/-/node-16.18.97.tgz",
      "integrity": "sha512-4muilE1Lbfn57unR+/nT9AFjWk0MtWi5muwCEJqnOvfRQDbSfLCUdN7vCIg8TYuaANfhLOV85ve+FNpiUsbSRg==",
      "dev": true
    },
    "typescript": {
      "version": "4.9.5",
      "resolved": "https://registry.npmjs.org/typescript/-/typescript-4.9.5.tgz",
      "integrity": "sha512-1FXk9E2Hm+QzZQ7z+McJiHL4NW1F2EzMu9Nq9i3zAaGqibafqYwCVU6WyWAuyQRRzOlxou8xZSyXLEN8oKj24g==",
      "dev": true
    }
  }
}
